
Microsoft Visual Studio Solution File, Format Version 12.00
# Visual Studio 14
VisualStudioVersion = 14.0.22823.1
MinimumVisualStudioVersion = 10.0.40219.1
Project("{FAE04EC0-301F-11D3-BF4B-00C04F79EFBC}") = "Nautabus.Server.ConsoleHost", "Nautabus.Server.ConsoleHost\Nautabus.Server.ConsoleHost.csproj", "{EB637F64-B20D-4622-B0BE-82F0DC1A9083}"
EndProject
Project("{FAE04EC0-301F-11D3-BF4B-00C04F79EFBC}") = "Nautabus.Server", "Nautabus.Server\Nautabus.Server.csproj", "{5B844C5B-832D-49AB-9079-3C253E4F2A49}"
EndProject
Project("{FAE04EC0-301F-11D3-BF4B-00C04F79EFBC}") = "Nautabus.Server.WebHost", "Nautabus.Server.WebHost\Nautabus.Server.WebHost.csproj", "{424C68D8-7622-4DF2-A31F-7B0C1FD31FF8}"
EndProject
Project("{FAE04EC0-301F-11D3-BF4B-00C04F79EFBC}") = "Nautabus.Client.ConsoleListener", "Nautabus.Client.ConsoleListener\Nautabus.Client.ConsoleListener.csproj", "{862F48D3-B568-4B2E-9AC6-01CFB4316D97}"
EndProject
Project("{2150E333-8FDC-42A3-9474-1A3956D46DE8}") = "Documentation", "Documentation", "{6B914E39-756C-4E50-9968-013FE70F8ABC}"
	ProjectSection(SolutionItems) = preProject
		readme.md = readme.md
	EndProjectSection
EndProject
Project("{FAE04EC0-301F-11D3-BF4B-00C04F79EFBC}") = "Nautabus.Client", "Nautabus.Client\Nautabus.Client.csproj", "{D7E3FE51-7B90-48ED-83CE-D2A0F7FD19E5}"
EndProject
Project("{2150E333-8FDC-42A3-9474-1A3956D46DE8}") = "Server Hosts", "Server Hosts", "{A10A479D-63DD-4723-B8F8-CCEBC21C8ECF}"
EndProject
Project("{2150E333-8FDC-42A3-9474-1A3956D46DE8}") = "Nautabus", "Nautabus", "{02B09BF5-8AD6-4CB6-801F-1EA036F57D3E}"
EndProject
Project("{2150E333-8FDC-42A3-9474-1A3956D46DE8}") = "Sample Clients", "Sample Clients", "{541D7E52-89F9-4EFE-8E5C-98E94CC30247}"
EndProject
Project("{FAE04EC0-301F-11D3-BF4B-00C04F79EFBC}") = "Nautabus.Domain", "Nautabus.Domain\Nautabus.Domain.csproj", "{E067CFCB-6586-417E-AB63-44F5EF587935}"
EndProject
Global
	GlobalSection(SolutionConfigurationPlatforms) = preSolution
		Debug|Any CPU = Debug|Any CPU
		Release|Any CPU = Release|Any CPU
	EndGlobalSection
	GlobalSection(ProjectConfigurationPlatforms) = postSolution
		{EB637F64-B20D-4622-B0BE-82F0DC1A9083}.Debug|Any CPU.ActiveCfg = Debug|Any CPU
		{EB637F64-B20D-4622-B0BE-82F0DC1A9083}.Debug|Any CPU.Build.0 = Debug|Any CPU
		{EB637F64-B20D-4622-B0BE-82F0DC1A9083}.Release|Any CPU.ActiveCfg = Release|Any CPU
		{EB637F64-B20D-4622-B0BE-82F0DC1A9083}.Release|Any CPU.Build.0 = Release|Any CPU
		{5B844C5B-832D-49AB-9079-3C253E4F2A49}.Debug|Any CPU.ActiveCfg = Debug|Any CPU
		{5B844C5B-832D-49AB-9079-3C253E4F2A49}.Debug|Any CPU.Build.0 = Debug|Any CPU
		{5B844C5B-832D-49AB-9079-3C253E4F2A49}.Release|Any CPU.ActiveCfg = Release|Any CPU
		{5B844C5B-832D-49AB-9079-3C253E4F2A49}.Release|Any CPU.Build.0 = Release|Any CPU
		{424C68D8-7622-4DF2-A31F-7B0C1FD31FF8}.Debug|Any CPU.ActiveCfg = Debug|Any CPU
		{424C68D8-7622-4DF2-A31F-7B0C1FD31FF8}.Debug|Any CPU.Build.0 = Debug|Any CPU
		{424C68D8-7622-4DF2-A31F-7B0C1FD31FF8}.Release|Any CPU.ActiveCfg = Release|Any CPU
		{424C68D8-7622-4DF2-A31F-7B0C1FD31FF8}.Release|Any CPU.Build.0 = Release|Any CPU
		{862F48D3-B568-4B2E-9AC6-01CFB4316D97}.Debug|Any CPU.ActiveCfg = Debug|Any CPU
		{862F48D3-B568-4B2E-9AC6-01CFB4316D97}.Debug|Any CPU.Build.0 = Debug|Any CPU
		{862F48D3-B568-4B2E-9AC6-01CFB4316D97}.Release|Any CPU.ActiveCfg = Release|Any CPU
		{862F48D3-B568-4B2E-9AC6-01CFB4316D97}.Release|Any CPU.Build.0 = Release|Any CPU
		{D7E3FE51-7B90-48ED-83CE-D2A0F7FD19E5}.Debug|Any CPU.ActiveCfg = Debug|Any CPU
		{D7E3FE51-7B90-48ED-83CE-D2A0F7FD19E5}.Debug|Any CPU.Build.0 = Debug|Any CPU
		{D7E3FE51-7B90-48ED-83CE-D2A0F7FD19E5}.Release|Any CPU.ActiveCfg = Release|Any CPU
		{D7E3FE51-7B90-48ED-83CE-D2A0F7FD19E5}.Release|Any CPU.Build.0 = Release|Any CPU
		{E067CFCB-6586-417E-AB63-44F5EF587935}.Debug|Any CPU.ActiveCfg = Debug|Any CPU
		{E067CFCB-6586-417E-AB63-44F5EF587935}.Debug|Any CPU.Build.0 = Debug|Any CPU
		{E067CFCB-6586-417E-AB63-44F5EF587935}.Release|Any CPU.ActiveCfg = Release|Any CPU
		{E067CFCB-6586-417E-AB63-44F5EF587935}.Release|Any CPU.Build.0 = Release|Any CPU
	EndGlobalSection
	GlobalSection(SolutionProperties) = preSolution
		HideSolutionNode = FALSE
	EndGlobalSection
	GlobalSection(NestedProjects) = preSolution
		{EB637F64-B20D-4622-B0BE-82F0DC1A9083} = {A10A479D-63DD-4723-B8F8-CCEBC21C8ECF}
		{5B844C5B-832D-49AB-9079-3C253E4F2A49} = {02B09BF5-8AD6-4CB6-801F-1EA036F57D3E}
		{424C68D8-7622-4DF2-A31F-7B0C1FD31FF8} = {A10A479D-63DD-4723-B8F8-CCEBC21C8ECF}
		{862F48D3-B568-4B2E-9AC6-01CFB4316D97} = {541D7E52-89F9-4EFE-8E5C-98E94CC30247}
		{D7E3FE51-7B90-48ED-83CE-D2A0F7FD19E5} = {02B09BF5-8AD6-4CB6-801F-1EA036F57D3E}
		{E067CFCB-6586-417E-AB63-44F5EF587935} = {02B09BF5-8AD6-4CB6-801F-1EA036F57D3E}
	EndGlobalSection
EndGlobal
